
Microsoft Visual Studio Solution File, Format Version 12.00
# Visual Studio 15
Project("{FAE04EC0-301F-11D3-BF4B-00C04F79EFBC}") = "UGUIEffectDemo", "UGUIEffectDemo.csproj", "{FF446270-9CD0-56AB-21EE-1CCA696B2D6B}"
EndProject
Global
	GlobalSection(SolutionConfigurationPlatforms) = preSolution
		Debug|Any CPU = Debug|Any CPU
		Release|Any CPU = Release|Any CPU
	EndGlobalSection
	GlobalSection(ProjectConfigurationPlatforms) = postSolution
		{FF446270-9CD0-56AB-21EE-1CCA696B2D6B}.Debug|Any CPU.ActiveCfg = Debug|Any CPU
		{FF446270-9CD0-56AB-21EE-1CCA696B2D6B}.Debug|Any CPU.Build.0 = Debug|Any CPU
		{FF446270-9CD0-56AB-21EE-1CCA696B2D6B}.Release|Any CPU.ActiveCfg = Release|Any CPU
		{FF446270-9CD0-56AB-21EE-1CCA696B2D6B}.Release|Any CPU.Build.0 = Release|Any CPU
	EndGlobalSection
	GlobalSection(SolutionProperties) = preSolution
		HideSolutionNode = FALSE
	EndGlobalSection
EndGlobal
